// !$*UTF8*$!
{
	archiveVersion = 1;
	classes = {
	};
	objectVersion = 48;
	objects = {

/* Begin PBXBuildFile section */
		764872DB1FB20CE900CF2B83 /* chars74k.mlmodel in Sources */ = {isa = PBXBuildFile; fileRef = 764872DA1FB20CE900CF2B83 /* chars74k.mlmodel */; };
		769B34EA1FAD05FE002F0428 /* AppDelegate.swift in Sources */ = {isa = PBXBuildFile; fileRef = 769B34E91FAD05FE002F0428 /* AppDelegate.swift */; };
		769B34EC1FAD05FE002F0428 /* ViewController.swift in Sources */ = {isa = PBXBuildFile; fileRef = 769B34EB1FAD05FE002F0428 /* ViewController.swift */; };
		769B34EF1FAD05FE002F0428 /* Main.storyboard in Resources */ = {isa = PBXBuildFile; fileRef = 769B34ED1FAD05FE002F0428 /* Main.storyboard */; };
		769B34F11FAD05FE002F0428 /* Assets.xcassets in Resources */ = {isa = PBXBuildFile; fileRef = 769B34F01FAD05FE002F0428 /* Assets.xcassets */; };
		769B34F41FAD05FE002F0428 /* LaunchScreen.storyboard in Resources */ = {isa = PBXBuildFile; fileRef = 769B34F21FAD05FE002F0428 /* LaunchScreen.storyboard */; };
		769B34FF1FAD05FE002F0428 /* VisionTests.swift in Sources */ = {isa = PBXBuildFile; fileRef = 769B34FE1FAD05FE002F0428 /* VisionTests.swift */; };
		769B350A1FAD05FE002F0428 /* VisionUITests.swift in Sources */ = {isa = PBXBuildFile; fileRef = 769B35091FAD05FE002F0428 /* VisionUITests.swift */; };
/* End PBXBuildFile section */

/* Begin PBXContainerItemProxy section */
		769B34FB1FAD05FE002F0428 /* PBXContainerItemProxy */ = {
			isa = PBXContainerItemProxy;
			containerPortal = 769B34DE1FAD05FE002F0428 /* Project object */;
			proxyType = 1;
			remoteGlobalIDString = 769B34E51FAD05FE002F0428;
			remoteInfo = Vision;
		};
		769B35061FAD05FE002F0428 /* PBXContainerItemProxy */ = {
			isa = PBXContainerItemProxy;
			containerPortal = 769B34DE1FAD05FE002F0428 /* Project object */;
			proxyType = 1;
			remoteGlobalIDString = 769B34E51FAD05FE002F0428;
			remoteInfo = Vision;
		};
/* End PBXContainerItemProxy section */

/* Begin PBXFileReference section */
		764872DA1FB20CE900CF2B83 /* chars74k.mlmodel */ = {isa = PBXFileReference; lastKnownFileType = file.mlmodel; path = chars74k.mlmodel; sourceTree = "<group>"; };
		769B34E61FAD05FE002F0428 /* VisionApp.app */ = {isa = PBXFileReference; explicitFileType = wrapper.application; includeInIndex = 0; path = VisionApp.app; sourceTree = BUILT_PRODUCTS_DIR; };
		769B34E91FAD05FE002F0428 /* AppDelegate.swift */ = {isa = PBXFileReference; lastKnownFileType = sourcecode.swift; path = AppDelegate.swift; sourceTree = "<group>"; };
		769B34EB1FAD05FE002F0428 /* ViewController.swift */ = {isa = PBXFileReference; lastKnownFileType = sourcecode.swift; path = ViewController.swift; sourceTree = "<group>"; };
		769B34EE1FAD05FE002F0428 /* Base */ = {isa = PBXFileReference; lastKnownFileType = file.storyboard; name = Base; path = Base.lproj/Main.storyboard; sourceTree = "<group>"; };
		769B34F01FAD05FE002F0428 /* Assets.xcassets */ = {isa = PBXFileReference; lastKnownFileType = folder.assetcatalog; path = Assets.xcassets; sourceTree = "<group>"; };
		769B34F31FAD05FE002F0428 /* Base */ = {isa = PBXFileReference; lastKnownFileType = file.storyboard; name = Base; path = Base.lproj/LaunchScreen.storyboard; sourceTree = "<group>"; };
		769B34F51FAD05FE002F0428 /* Info.plist */ = {isa = PBXFileReference; lastKnownFileType = text.plist.xml; path = Info.plist; sourceTree = "<group>"; };
		769B34FA1FAD05FE002F0428 /* VisionAppTests.xctest */ = {isa = PBXFileReference; explicitFileType = wrapper.cfbundle; includeInIndex = 0; path = VisionAppTests.xctest; sourceTree = BUILT_PRODUCTS_DIR; };
		769B34FE1FAD05FE002F0428 /* VisionTests.swift */ = {isa = PBXFileReference; lastKnownFileType = sourcecode.swift; path = VisionTests.swift; sourceTree = "<group>"; };
		769B35001FAD05FE002F0428 /* Info.plist */ = {isa = PBXFileReference; lastKnownFileType = text.plist.xml; path = Info.plist; sourceTree = "<group>"; };
		769B35051FAD05FE002F0428 /* VisionAppUITests.xctest */ = {isa = PBXFileReference; explicitFileType = wrapper.cfbundle; includeInIndex = 0; path = VisionAppUITests.xctest; sourceTree = BUILT_PRODUCTS_DIR; };
		769B35091FAD05FE002F0428 /* VisionUITests.swift */ = {isa = PBXFileReference; lastKnownFileType = sourcecode.swift; path = VisionUITests.swift; sourceTree = "<group>"; };
		769B350B1FAD05FE002F0428 /* Info.plist */ = {isa = PBXFileReference; lastKnownFileType = text.plist.xml; path = Info.plist; sourceTree = "<group>"; };
/* End PBXFileReference section */

/* Begin PBXFrameworksBuildPhase section */
		769B34E31FAD05FE002F0428 /* Frameworks */ = {
			isa = PBXFrameworksBuildPhase;
			buildActionMask = 2147483647;
			files = (
			);
			runOnlyForDeploymentPostprocessing = 0;
		};
		769B34F71FAD05FE002F0428 /* Frameworks */ = {
			isa = PBXFrameworksBuildPhase;
			buildActionMask = 2147483647;
			files = (
			);
			runOnlyForDeploymentPostprocessing = 0;
		};
		769B35021FAD05FE002F0428 /* Frameworks */ = {
			isa = PBXFrameworksBuildPhase;
			buildActionMask = 2147483647;
			files = (
			);
			runOnlyForDeploymentPostprocessing = 0;
		};
/* End PBXFrameworksBuildPhase section */

/* Begin PBXGroup section */
		769B34DD1FAD05FE002F0428 = {
			isa = PBXGroup;
			children = (
				769B35191FAD06E5002F0428 /* Assets */,
				769B35181FAD06D1002F0428 /* Storyboard Files */,
				769B35171FAD06C5002F0428 /* View Controllers */,
				769B34E81FAD05FE002F0428 /* Vision */,
				769B34FD1FAD05FE002F0428 /* VisionTests */,
				769B35081FAD05FE002F0428 /* VisionUITests */,
				769B34E71FAD05FE002F0428 /* Products */,
			);
			sourceTree = "<group>";
		};
		769B34E71FAD05FE002F0428 /* Products */ = {
			isa = PBXGroup;
			children = (
				769B34E61FAD05FE002F0428 /* VisionApp.app */,
				769B34FA1FAD05FE002F0428 /* VisionAppTests.xctest */,
				769B35051FAD05FE002F0428 /* VisionAppUITests.xctest */,
			);
			name = Products;
			sourceTree = "<group>";
		};
		769B34E81FAD05FE002F0428 /* Vision */ = {
			isa = PBXGroup;
			children = (
				769B34E91FAD05FE002F0428 /* AppDelegate.swift */,
				769B34F51FAD05FE002F0428 /* Info.plist */,
			);
			path = Vision;
			sourceTree = "<group>";
		};
		769B34FD1FAD05FE002F0428 /* VisionTests */ = {
			isa = PBXGroup;
			children = (
				769B34FE1FAD05FE002F0428 /* VisionTests.swift */,
				769B35001FAD05FE002F0428 /* Info.plist */,
			);
			path = VisionTests;
			sourceTree = "<group>";
		};
		769B35081FAD05FE002F0428 /* VisionUITests */ = {
			isa = PBXGroup;
			children = (
				769B35091FAD05FE002F0428 /* VisionUITests.swift */,
				769B350B1FAD05FE002F0428 /* Info.plist */,
			);
			path = VisionUITests;
			sourceTree = "<group>";
		};
		769B35171FAD06C5002F0428 /* View Controllers */ = {
			isa = PBXGroup;
			children = (
				769B34EB1FAD05FE002F0428 /* ViewController.swift */,
			);
			path = "View Controllers";
			sourceTree = "<group>";
		};
		769B35181FAD06D1002F0428 /* Storyboard Files */ = {
			isa = PBXGroup;
			children = (
				769B34F21FAD05FE002F0428 /* LaunchScreen.storyboard */,
				769B34ED1FAD05FE002F0428 /* Main.storyboard */,
			);
			path = "Storyboard Files";
			sourceTree = "<group>";
		};
		769B35191FAD06E5002F0428 /* Assets */ = {
			isa = PBXGroup;
			children = (
				764872DA1FB20CE900CF2B83 /* chars74k.mlmodel */,
				769B34F01FAD05FE002F0428 /* Assets.xcassets */,
			);
			path = Assets;
			sourceTree = "<group>";
		};
/* End PBXGroup section */

/* Begin PBXNativeTarget section */
		769B34E51FAD05FE002F0428 /* VisionApp */ = {
			isa = PBXNativeTarget;
			buildConfigurationList = 769B350E1FAD05FE002F0428 /* Build configuration list for PBXNativeTarget "VisionApp" */;
			buildPhases = (
				769B34E21FAD05FE002F0428 /* Sources */,
				769B34E31FAD05FE002F0428 /* Frameworks */,
				769B34E41FAD05FE002F0428 /* Resources */,
			);
			buildRules = (
			);
			dependencies = (
			);
			name = VisionApp;
			productName = Vision;
			productReference = 769B34E61FAD05FE002F0428 /* VisionApp.app */;
			productType = "com.apple.product-type.application";
		};
		769B34F91FAD05FE002F0428 /* VisionAppTests */ = {
			isa = PBXNativeTarget;
			buildConfigurationList = 769B35111FAD05FE002F0428 /* Build configuration list for PBXNativeTarget "VisionAppTests" */;
			buildPhases = (
				769B34F61FAD05FE002F0428 /* Sources */,
				769B34F71FAD05FE002F0428 /* Frameworks */,
				769B34F81FAD05FE002F0428 /* Resources */,
			);
			buildRules = (
			);
			dependencies = (
				769B34FC1FAD05FE002F0428 /* PBXTargetDependency */,
			);
			name = VisionAppTests;
			productName = VisionTests;
			productReference = 769B34FA1FAD05FE002F0428 /* VisionAppTests.xctest */;
			productType = "com.apple.product-type.bundle.unit-test";
		};
		769B35041FAD05FE002F0428 /* VisionAppUITests */ = {
			isa = PBXNativeTarget;
			buildConfigurationList = 769B35141FAD05FE002F0428 /* Build configuration list for PBXNativeTarget "VisionAppUITests" */;
			buildPhases = (
				769B35011FAD05FE002F0428 /* Sources */,
				769B35021FAD05FE002F0428 /* Frameworks */,
				769B35031FAD05FE002F0428 /* Resources */,
			);
			buildRules = (
			);
			dependencies = (
				769B35071FAD05FE002F0428 /* PBXTargetDependency */,
			);
			name = VisionAppUITests;
			productName = VisionUITests;
			productReference = 769B35051FAD05FE002F0428 /* VisionAppUITests.xctest */;
			productType = "com.apple.product-type.bundle.ui-testing";
		};
/* End PBXNativeTarget section */

/* Begin PBXProject section */
		769B34DE1FAD05FE002F0428 /* Project object */ = {
			isa = PBXProject;
			attributes = {
				LastSwiftUpdateCheck = 0900;
				LastUpgradeCheck = 0900;
				ORGANIZATIONNAME = "Thijs van der Heijden";
				TargetAttributes = {
					769B34E51FAD05FE002F0428 = {
						CreatedOnToolsVersion = 9.0;
						ProvisioningStyle = Automatic;
					};
					769B34F91FAD05FE002F0428 = {
						CreatedOnToolsVersion = 9.0;
						ProvisioningStyle = Automatic;
						TestTargetID = 769B34E51FAD05FE002F0428;
					};
					769B35041FAD05FE002F0428 = {
						CreatedOnToolsVersion = 9.0;
						ProvisioningStyle = Automatic;
						TestTargetID = 769B34E51FAD05FE002F0428;
					};
				};
			};
			buildConfigurationList = 769B34E11FAD05FE002F0428 /* Build configuration list for PBXProject "VisionApp" */;
			compatibilityVersion = "Xcode 8.0";
			developmentRegion = en;
			hasScannedForEncodings = 0;
			knownRegions = (
				en,
				Base,
			);
			mainGroup = 769B34DD1FAD05FE002F0428;
			productRefGroup = 769B34E71FAD05FE002F0428 /* Products */;
			projectDirPath = "";
			projectRoot = "";
			targets = (
				769B34E51FAD05FE002F0428 /* VisionApp */,
				769B34F91FAD05FE002F0428 /* VisionAppTests */,
				769B35041FAD05FE002F0428 /* VisionAppUITests */,
			);
		};
/* End PBXProject section */

/* Begin PBXResourcesBuildPhase section */
		769B34E41FAD05FE002F0428 /* Resources */ = {
			isa = PBXResourcesBuildPhase;
			buildActionMask = 2147483647;
			files = (
				769B34F41FAD05FE002F0428 /* LaunchScreen.storyboard in Resources */,
				769B34F11FAD05FE002F0428 /* Assets.xcassets in Resources */,
				769B34EF1FAD05FE002F0428 /* Main.storyboard in Resources */,
			);
			runOnlyForDeploymentPostprocessing = 0;
		};
		769B34F81FAD05FE002F0428 /* Resources */ = {
			isa = PBXResourcesBuildPhase;
			buildActionMask = 2147483647;
			files = (
			);
			runOnlyForDeploymentPostprocessing = 0;
		};
		769B35031FAD05FE002F0428 /* Resources */ = {
			isa = PBXResourcesBuildPhase;
			buildActionMask = 2147483647;
			files = (
			);
			runOnlyForDeploymentPostprocessing = 0;
		};
/* End PBXResourcesBuildPhase section */

/* Begin PBXSourcesBuildPhase section */
		769B34E21FAD05FE002F0428 /* Sources */ = {
			isa = PBXSourcesBuildPhase;
			buildActionMask = 2147483647;
			files = (
				764872DB1FB20CE900CF2B83 /* chars74k.mlmodel in Sources */,
				769B34EC1FAD05FE002F0428 /* ViewController.swift in Sources */,
				769B34EA1FAD05FE002F0428 /* AppDelegate.swift in Sources */,
			);
			runOnlyForDeploymentPostprocessing = 0;
		};
		769B34F61FAD05FE002F0428 /* Sources */ = {
			isa = PBXSourcesBuildPhase;
			buildActionMask = 2147483647;
			files = (
				769B34FF1FAD05FE002F0428 /* VisionTests.swift in Sources */,
			);
			runOnlyForDeploymentPostprocessing = 0;
		};
		769B35011FAD05FE002F0428 /* Sources */ = {
			isa = PBXSourcesBuildPhase;
			buildActionMask = 2147483647;
			files = (
				769B350A1FAD05FE002F0428 /* VisionUITests.swift in Sources */,
			);
			runOnlyForDeploymentPostprocessing = 0;
		};
/* End PBXSourcesBuildPhase section */

/* Begin PBXTargetDependency section */
		769B34FC1FAD05FE002F0428 /* PBXTargetDependency */ = {
			isa = PBXTargetDependency;
			target = 769B34E51FAD05FE002F0428 /* VisionApp */;
			targetProxy = 769B34FB1FAD05FE002F0428 /* PBXContainerItemProxy */;
		};
		769B35071FAD05FE002F0428 /* PBXTargetDependency */ = {
			isa = PBXTargetDependency;
			target = 769B34E51FAD05FE002F0428 /* VisionApp */;
			targetProxy = 769B35061FAD05FE002F0428 /* PBXContainerItemProxy */;
		};
/* End PBXTargetDependency section */

/* Begin PBXVariantGroup section */
		769B34ED1FAD05FE002F0428 /* Main.storyboard */ = {
			isa = PBXVariantGroup;
			children = (
				769B34EE1FAD05FE002F0428 /* Base */,
			);
			name = Main.storyboard;
			sourceTree = "<group>";
		};
		769B34F21FAD05FE002F0428 /* LaunchScreen.storyboard */ = {
			isa = PBXVariantGroup;
			children = (
				769B34F31FAD05FE002F0428 /* Base */,
			);
			name = LaunchScreen.storyboard;
			sourceTree = "<group>";
		};
/* End PBXVariantGroup section */

/* Begin XCBuildConfiguration section */
		769B350C1FAD05FE002F0428 /* Debug */ = {
			isa = XCBuildConfiguration;
			buildSettings = {
				ALWAYS_SEARCH_USER_PATHS = NO;
				CLANG_ANALYZER_NONNULL = YES;
				CLANG_ANALYZER_NUMBER_OBJECT_CONVERSION = YES_AGGRESSIVE;
				CLANG_CXX_LANGUAGE_STANDARD = "gnu++14";
				CLANG_CXX_LIBRARY = "libc++";
				CLANG_ENABLE_MODULES = YES;
				CLANG_ENABLE_OBJC_ARC = YES;
				CLANG_WARN_BLOCK_CAPTURE_AUTORELEASING = YES;
				CLANG_WARN_BOOL_CONVERSION = YES;
				CLANG_WARN_COMMA = YES;
				CLANG_WARN_CONSTANT_CONVERSION = YES;
				CLANG_WARN_DIRECT_OBJC_ISA_USAGE = YES_ERROR;
				CLANG_WARN_DOCUMENTATION_COMMENTS = YES;
				CLANG_WARN_EMPTY_BODY = YES;
				CLANG_WARN_ENUM_CONVERSION = YES;
				CLANG_WARN_INFINITE_RECURSION = YES;
				CLANG_WARN_INT_CONVERSION = YES;
				CLANG_WARN_NON_LITERAL_NULL_CONVERSION = YES;
				CLANG_WARN_OBJC_LITERAL_CONVERSION = YES;
				CLANG_WARN_OBJC_ROOT_CLASS = YES_ERROR;
				CLANG_WARN_RANGE_LOOP_ANALYSIS = YES;
				CLANG_WARN_STRICT_PROTOTYPES = YES;
				CLANG_WARN_SUSPICIOUS_MOVE = YES;
				CLANG_WARN_UNGUARDED_AVAILABILITY = YES_AGGRESSIVE;
				CLANG_WARN_UNREACHABLE_CODE = YES;
				CLANG_WARN__DUPLICATE_METHOD_MATCH = YES;
				CODE_SIGN_IDENTITY = "iPhone Developer";
				COPY_PHASE_STRIP = NO;
				DEBUG_INFORMATION_FORMAT = dwarf;
				ENABLE_STRICT_OBJC_MSGSEND = YES;
				ENABLE_TESTABILITY = YES;
				GCC_C_LANGUAGE_STANDARD = gnu11;
				GCC_DYNAMIC_NO_PIC = NO;
				GCC_NO_COMMON_BLOCKS = YES;
				GCC_OPTIMIZATION_LEVEL = 0;
				GCC_PREPROCESSOR_DEFINITIONS = (
					"DEBUG=1",
					"$(inherited)",
				);
				GCC_WARN_64_TO_32_BIT_CONVERSION = YES;
				GCC_WARN_ABOUT_RETURN_TYPE = YES_ERROR;
				GCC_WARN_UNDECLARED_SELECTOR = YES;
				GCC_WARN_UNINITIALIZED_AUTOS = YES_AGGRESSIVE;
				GCC_WARN_UNUSED_FUNCTION = YES;
				GCC_WARN_UNUSED_VARIABLE = YES;
				IPHONEOS_DEPLOYMENT_TARGET = 11.0;
				MTL_ENABLE_DEBUG_INFO = YES;
				ONLY_ACTIVE_ARCH = YES;
				SDKROOT = iphoneos;
				SWIFT_ACTIVE_COMPILATION_CONDITIONS = DEBUG;
				SWIFT_OPTIMIZATION_LEVEL = "-Onone";
			};
			name = Debug;
		};
		769B350D1FAD05FE002F0428 /* Release */ = {
			isa = XCBuildConfiguration;
			buildSettings = {
				ALWAYS_SEARCH_USER_PATHS = NO;
				CLANG_ANALYZER_NONNULL = YES;
				CLANG_ANALYZER_NUMBER_OBJECT_CONVERSION = YES_AGGRESSIVE;
				CLANG_CXX_LANGUAGE_STANDARD = "gnu++14";
				CLANG_CXX_LIBRARY = "libc++";
				CLANG_ENABLE_MODULES = YES;
				CLANG_ENABLE_OBJC_ARC = YES;
				CLANG_WARN_BLOCK_CAPTURE_AUTORELEASING = YES;
				CLANG_WARN_BOOL_CONVERSION = YES;
				CLANG_WARN_COMMA = YES;
				CLANG_WARN_CONSTANT_CONVERSION = YES;
				CLANG_WARN_DIRECT_OBJC_ISA_USAGE = YES_ERROR;
				CLANG_WARN_DOCUMENTATION_COMMENTS = YES;
				CLANG_WARN_EMPTY_BODY = YES;
				CLANG_WARN_ENUM_CONVERSION = YES;
				CLANG_WARN_INFINITE_RECURSION = YES;
				CLANG_WARN_INT_CONVERSION = YES;
				CLANG_WARN_NON_LITERAL_NULL_CONVERSION = YES;
				CLANG_WARN_OBJC_LITERAL_CONVERSION = YES;
				CLANG_WARN_OBJC_ROOT_CLASS = YES_ERROR;
				CLANG_WARN_RANGE_LOOP_ANALYSIS = YES;
				CLANG_WARN_STRICT_PROTOTYPES = YES;
				CLANG_WARN_SUSPICIOUS_MOVE = YES;
				CLANG_WARN_UNGUARDED_AVAILABILITY = YES_AGGRESSIVE;
				CLANG_WARN_UNREACHABLE_CODE = YES;
				CLANG_WARN__DUPLICATE_METHOD_MATCH = YES;
				CODE_SIGN_IDENTITY = "iPhone Developer";
				COPY_PHASE_STRIP = NO;
				DEBUG_INFORMATION_FORMAT = "dwarf-with-dsym";
				ENABLE_NS_ASSERTIONS = NO;
				ENABLE_STRICT_OBJC_MSGSEND = YES;
				GCC_C_LANGUAGE_STANDARD = gnu11;
				GCC_NO_COMMON_BLOCKS = YES;
				GCC_WARN_64_TO_32_BIT_CONVERSION = YES;
				GCC_WARN_ABOUT_RETURN_TYPE = YES_ERROR;
				GCC_WARN_UNDECLARED_SELECTOR = YES;
				GCC_WARN_UNINITIALIZED_AUTOS = YES_AGGRESSIVE;
				GCC_WARN_UNUSED_FUNCTION = YES;
				GCC_WARN_UNUSED_VARIABLE = YES;
				IPHONEOS_DEPLOYMENT_TARGET = 11.0;
				MTL_ENABLE_DEBUG_INFO = NO;
				SDKROOT = iphoneos;
				SWIFT_OPTIMIZATION_LEVEL = "-Owholemodule";
				VALIDATE_PRODUCT = YES;
			};
			name = Release;
		};
		769B350F1FAD05FE002F0428 /* Debug */ = {
			isa = XCBuildConfiguration;
			buildSettings = {
				ASSETCATALOG_COMPILER_APPICON_NAME = AppIcon;
				CODE_SIGN_STYLE = Automatic;
				DEVELOPMENT_TEAM = 25N3QHSSX3;
				INFOPLIST_FILE = Vision/Info.plist;
				LD_RUNPATH_SEARCH_PATHS = "$(inherited) @executable_path/Frameworks";
				PRODUCT_BUNDLE_IDENTIFIER = eu.thijsvanderheijden.Vision;
				PRODUCT_NAME = "$(TARGET_NAME)";
				SWIFT_VERSION = 4.0;
				TARGETED_DEVICE_FAMILY = "1,2";
			};
			name = Debug;
		};
		769B35101FAD05FE002F0428 /* Release */ = {
			isa = XCBuildConfiguration;
			buildSettings = {
				ASSETCATALOG_COMPILER_APPICON_NAME = AppIcon;
				CODE_SIGN_STYLE = Automatic;
				DEVELOPMENT_TEAM = 25N3QHSSX3;
				INFOPLIST_FILE = Vision/Info.plist;
				LD_RUNPATH_SEARCH_PATHS = "$(inherited) @executable_path/Frameworks";
				PRODUCT_BUNDLE_IDENTIFIER = eu.thijsvanderheijden.Vision;
				PRODUCT_NAME = "$(TARGET_NAME)";
				SWIFT_VERSION = 4.0;
				TARGETED_DEVICE_FAMILY = "1,2";
			};
			name = Release;
		};
		769B35121FAD05FE002F0428 /* Debug */ = {
			isa = XCBuildConfiguration;
			buildSettings = {
				ALWAYS_EMBED_SWIFT_STANDARD_LIBRARIES = YES;
				BUNDLE_LOADER = "$(TEST_HOST)";
				CODE_SIGN_STYLE = Automatic;
				DEVELOPMENT_TEAM = 25N3QHSSX3;
				INFOPLIST_FILE = VisionTests/Info.plist;
				LD_RUNPATH_SEARCH_PATHS = "$(inherited) @executable_path/Frameworks @loader_path/Frameworks";
				PRODUCT_BUNDLE_IDENTIFIER = eu.thijsvanderheijden.VisionTests;
				PRODUCT_NAME = "$(TARGET_NAME)";
				SWIFT_VERSION = 4.0;
				TARGETED_DEVICE_FAMILY = "1,2";
				TEST_HOST = "$(BUILT_PRODUCTS_DIR)/VisionApp.app/VisionApp";
			};
			name = Debug;
		};
		769B35131FAD05FE002F0428 /* Release */ = {
			isa = XCBuildConfiguration;
			buildSettings = {
				ALWAYS_EMBED_SWIFT_STANDARD_LIBRARIES = YES;
				BUNDLE_LOADER = "$(TEST_HOST)";
				CODE_SIGN_STYLE = Automatic;
				DEVELOPMENT_TEAM = 25N3QHSSX3;
				INFOPLIST_FILE = VisionTests/Info.plist;
				LD_RUNPATH_SEARCH_PATHS = "$(inherited) @executable_path/Frameworks @loader_path/Frameworks";
				PRODUCT_BUNDLE_IDENTIFIER = eu.thijsvanderheijden.VisionTests;
				PRODUCT_NAME = "$(TARGET_NAME)";
				SWIFT_VERSION = 4.0;
				TARGETED_DEVICE_FAMILY = "1,2";
				TEST_HOST = "$(BUILT_PRODUCTS_DIR)/VisionApp.app/VisionApp";
			};
			name = Release;
		};
		769B35151FAD05FE002F0428 /* Debug */ = {
			isa = XCBuildConfiguration;
			buildSettings = {
				ALWAYS_EMBED_SWIFT_STANDARD_LIBRARIES = YES;
				CODE_SIGN_STYLE = Automatic;
				DEVELOPMENT_TEAM = 25N3QHSSX3;
				INFOPLIST_FILE = VisionUITests/Info.plist;
				LD_RUNPATH_SEARCH_PATHS = "$(inherited) @executable_path/Frameworks @loader_path/Frameworks";
				PRODUCT_BUNDLE_IDENTIFIER = eu.thijsvanderheijden.VisionUITests;
				PRODUCT_NAME = "$(TARGET_NAME)";
				SWIFT_VERSION = 4.0;
				TARGETED_DEVICE_FAMILY = "1,2";
				TEST_TARGET_NAME = Vision;
			};
			name = Debug;
		};
		769B35161FAD05FE002F0428 /* Release */ = {
			isa = XCBuildConfiguration;
			buildSettings = {
				ALWAYS_EMBED_SWIFT_STANDARD_LIBRARIES = YES;
				CODE_SIGN_STYLE = Automatic;
				DEVELOPMENT_TEAM = 25N3QHSSX3;
				INFOPLIST_FILE = VisionUITests/Info.plist;
				LD_RUNPATH_SEARCH_PATHS = "$(inherited) @executable_path/Frameworks @loader_path/Frameworks";
				PRODUCT_BUNDLE_IDENTIFIER = eu.thijsvanderheijden.VisionUITests;
				PRODUCT_NAME = "$(TARGET_NAME)";
				SWIFT_VERSION = 4.0;
				TARGETED_DEVICE_FAMILY = "1,2";
				TEST_TARGET_NAME = Vision;
			};
			name = Release;
		};
/* End XCBuildConfiguration section */

/* Begin XCConfigurationList section */
		769B34E11FAD05FE002F0428 /* Build configuration list for PBXProject "VisionApp" */ = {
			isa = XCConfigurationList;
			buildConfigurations = (
				769B350C1FAD05FE002F0428 /* Debug */,
				769B350D1FAD05FE002F0428 /* Release */,
			);
			defaultConfigurationIsVisible = 0;
			defaultConfigurationName = Release;
		};
		769B350E1FAD05FE002F0428 /* Build configuration list for PBXNativeTarget "VisionApp" */ = {
			isa = XCConfigurationList;
			buildConfigurations = (
				769B350F1FAD05FE002F0428 /* Debug */,
				769B35101FAD05FE002F0428 /* Release */,
			);
			defaultConfigurationIsVisible = 0;
			defaultConfigurationName = Release;
		};
		769B35111FAD05FE002F0428 /* Build configuration list for PBXNativeTarget "VisionAppTests" */ = {
			isa = XCConfigurationList;
			buildConfigurations = (
				769B35121FAD05FE002F0428 /* Debug */,
				769B35131FAD05FE002F0428 /* Release */,
			);
			defaultConfigurationIsVisible = 0;
			defaultConfigurationName = Release;
		};
		769B35141FAD05FE002F0428 /* Build configuration list for PBXNativeTarget "VisionAppUITests" */ = {
			isa = XCConfigurationList;
			buildConfigurations = (
				769B35151FAD05FE002F0428 /* Debug */,
				769B35161FAD05FE002F0428 /* Release */,
			);
			defaultConfigurationIsVisible = 0;
			defaultConfigurationName = Release;
		};
/* End XCConfigurationList section */
	};
	rootObject = 769B34DE1FAD05FE002F0428 /* Project object */;
}
